
Microsoft Visual Studio Solution File, Format Version 12.00
# Visual Studio Version 17
VisualStudioVersion = 17.3.32825.248
MinimumVisualStudioVersion = 10.0.40219.1
Project("{FAE04EC0-301F-11D3-BF4B-00C04F79EFBC}") = "Screen_shot.WPF", "Screen_shot.WPF\Screen_shot.WPF.csproj", "{3A08E8C5-625C-415E-9F2B-92397D101F21}"
EndProject
Global
	GlobalSection(SolutionConfigurationPlatforms) = preSolution
		Debug|Any CPU = Debug|Any CPU
		Release|Any CPU = Release|Any CPU
	EndGlobalSection
	GlobalSection(ProjectConfigurationPlatforms) = postSolution
		{3A08E8C5-625C-415E-9F2B-92397D101F21}.Debug|Any CPU.ActiveCfg = Debug|Any CPU
		{3A08E8C5-625C-415E-9F2B-92397D101F21}.Debug|Any CPU.Build.0 = Debug|Any CPU
		{3A08E8C5-625C-415E-9F2B-92397D101F21}.Release|Any CPU.ActiveCfg = Release|Any CPU
		{3A08E8C5-625C-415E-9F2B-92397D101F21}.Release|Any CPU.Build.0 = Release|Any CPU
	EndGlobalSection
	GlobalSection(SolutionProperties) = preSolution
		HideSolutionNode = FALSE
	EndGlobalSection
	GlobalSection(ExtensibilityGlobals) = postSolution
		SolutionGuid = {BD28C30D-9DD4-4E74-9387-0F0AB3B6CABA}
	EndGlobalSection
EndGlobal
